{
  "lockfileVersion": 1,
  "configVersion": 1,
  "workspaces": {
    "": {
      "name": "paged-book-annotator",
      "dependencies": {
        "@fontsource/source-sans-3": "5.2.9",
        "@fontsource/source-serif-4": "5.2.9",
      },
    },
  },
  "packages": {
    "@fontsource/source-sans-3": ["@fontsource/source-sans-3@5.2.9", "", {}, "sha512-u3ymIq4rfmCCyB9MEw/sFR5lPVJ1yTNXmIMbUz+9kVCFIHvNtfzXOEBuvkg3Tk0zhmioPeJ28ZK5smZ7TurezQ=="],

    "@fontsource/source-serif-4": ["@fontsource/source-serif-4@5.2.9", "", {}, "sha512-er/Pym9emsEVJNf947umJ4kXarXfsiN6CN7kTYinefKRaHLwiquiiHOZvKvxWgkV8JMCf3pV3g0NcsPFpVCH9w=="],
  }
}
